
Microsoft Visual Studio Solution File, Format Version 12.00
# Visual Studio Version 17
VisualStudioVersion = 17.3.32901.215
MinimumVisualStudioVersion = 10.0.40219.1
Project("{9A19103F-16F7-4668-BE54-9A1E7A4F7556}") = "TripYari.Travel.Location.Domain.Contracts", "TripYari.Travel.Location.Domain.Contracts\TripYari.Travel.Location.Domain.Contracts.csproj", "{C795E719-BB1B-4253-B90F-94ABAF3DD0C9}"
EndProject
Project("{9A19103F-16F7-4668-BE54-9A1E7A4F7556}") = "TripYari.Travel.Location.Domain.Entities", "TripYari.Travel.Location.Domain.Entities\TripYari.Travel.Location.Domain.Entities.csproj", "{A5AEEF8D-439A-491D-9573-69A9A70748F9}"
EndProject
Global
	GlobalSection(SolutionConfigurationPlatforms) = preSolution
		Debug|Any CPU = Debug|Any CPU
		Release|Any CPU = Release|Any CPU
	EndGlobalSection
	GlobalSection(ProjectConfigurationPlatforms) = postSolution
		{C795E719-BB1B-4253-B90F-94ABAF3DD0C9}.Debug|Any CPU.ActiveCfg = Debug|Any CPU
		{C795E719-BB1B-4253-B90F-94ABAF3DD0C9}.Debug|Any CPU.Build.0 = Debug|Any CPU
		{C795E719-BB1B-4253-B90F-94ABAF3DD0C9}.Release|Any CPU.ActiveCfg = Release|Any CPU
		{C795E719-BB1B-4253-B90F-94ABAF3DD0C9}.Release|Any CPU.Build.0 = Release|Any CPU
		{A5AEEF8D-439A-491D-9573-69A9A70748F9}.Debug|Any CPU.ActiveCfg = Debug|Any CPU
		{A5AEEF8D-439A-491D-9573-69A9A70748F9}.Debug|Any CPU.Build.0 = Debug|Any CPU
		{A5AEEF8D-439A-491D-9573-69A9A70748F9}.Release|Any CPU.ActiveCfg = Release|Any CPU
		{A5AEEF8D-439A-491D-9573-69A9A70748F9}.Release|Any CPU.Build.0 = Release|Any CPU
	EndGlobalSection
	GlobalSection(SolutionProperties) = preSolution
		HideSolutionNode = FALSE
	EndGlobalSection
	GlobalSection(ExtensibilityGlobals) = postSolution
		SolutionGuid = {148364FF-4088-4AB4-99D5-2DDB5085FC44}
	EndGlobalSection
EndGlobal
