
Microsoft Visual Studio Solution File, Format Version 12.00
# Visual Studio 15
VisualStudioVersion = 15.0.28307.168
MinimumVisualStudioVersion = 10.0.40219.1
Project("{9A19103F-16F7-4668-BE54-9A1E7A4F7556}") = "TripYatri.Auth.Core.DataContracts", "TripYatri.Auth.Core.DataContracts\TripYatri.Auth.Core.DataContracts.csproj", "{3F0287D8-6AF3-42AC-AAEF-10D38E6567CE}"
EndProject
Project("{FAE04EC0-301F-11D3-BF4B-00C04F79EFBC}") = "TripYatri.Auth.Core.UseCases", "TripYatri.Auth.Core.UseCases\TripYatri.Auth.Core.UseCases.csproj", "{4209C1F3-9D89-4A20-88BB-96E1727094E5}"
EndProject
Global
	GlobalSection(SolutionConfigurationPlatforms) = preSolution
		Debug|Any CPU = Debug|Any CPU
		Release|Any CPU = Release|Any CPU
	EndGlobalSection
	GlobalSection(ProjectConfigurationPlatforms) = postSolution
		{3F0287D8-6AF3-42AC-AAEF-10D38E6567CE}.Debug|Any CPU.ActiveCfg = Debug|Any CPU
		{3F0287D8-6AF3-42AC-AAEF-10D38E6567CE}.Debug|Any CPU.Build.0 = Debug|Any CPU
		{3F0287D8-6AF3-42AC-AAEF-10D38E6567CE}.Release|Any CPU.ActiveCfg = Release|Any CPU
		{3F0287D8-6AF3-42AC-AAEF-10D38E6567CE}.Release|Any CPU.Build.0 = Release|Any CPU
		{4209C1F3-9D89-4A20-88BB-96E1727094E5}.Debug|Any CPU.ActiveCfg = Debug|Any CPU
		{4209C1F3-9D89-4A20-88BB-96E1727094E5}.Debug|Any CPU.Build.0 = Debug|Any CPU
		{4209C1F3-9D89-4A20-88BB-96E1727094E5}.Release|Any CPU.ActiveCfg = Release|Any CPU
		{4209C1F3-9D89-4A20-88BB-96E1727094E5}.Release|Any CPU.Build.0 = Release|Any CPU
	EndGlobalSection
	GlobalSection(SolutionProperties) = preSolution
		HideSolutionNode = FALSE
	EndGlobalSection
	GlobalSection(ExtensibilityGlobals) = postSolution
		SolutionGuid = {E562D1D7-03A6-44A7-9672-58B6A9B74B2A}
	EndGlobalSection
EndGlobal
